
Microsoft Visual Studio Solution File, Format Version 10.00
# Visual Studio 2008
Project("{8BC9CEB8-8B4A-11D0-8D11-00A0C91BC942}") = "8_2ReturnIstream", "8_2ReturnIstream.vcproj", "{F1680AD9-70DD-40DD-8FFA-B0A88BDF4CFF}"
EndProject
Global
	GlobalSection(SolutionConfigurationPlatforms) = preSolution
		Debug|Win32 = Debug|Win32
		Release|Win32 = Release|Win32
	EndGlobalSection
	GlobalSection(ProjectConfigurationPlatforms) = postSolution
		{F1680AD9-70DD-40DD-8FFA-B0A88BDF4CFF}.Debug|Win32.ActiveCfg = Debug|Win32
		{F1680AD9-70DD-40DD-8FFA-B0A88BDF4CFF}.Debug|Win32.Build.0 = Debug|Win32
		{F1680AD9-70DD-40DD-8FFA-B0A88BDF4CFF}.Release|Win32.ActiveCfg = Release|Win32
		{F1680AD9-70DD-40DD-8FFA-B0A88BDF4CFF}.Release|Win32.Build.0 = Release|Win32
	EndGlobalSection
	GlobalSection(SolutionProperties) = preSolution
		HideSolutionNode = FALSE
	EndGlobalSection
EndGlobal
