
Microsoft Visual Studio Solution File, Format Version 10.00
# Visual Studio 2008
Project("{8BC9CEB8-8B4A-11D0-8D11-00A0C91BC942}") = "5_20_21InputSmallerNum", "5_20_21InputSmallerNum.vcproj", "{AE429B7B-D286-4D30-9653-0F5052D8546C}"
EndProject
Global
	GlobalSection(SolutionConfigurationPlatforms) = preSolution
		Debug|Win32 = Debug|Win32
		Release|Win32 = Release|Win32
	EndGlobalSection
	GlobalSection(ProjectConfigurationPlatforms) = postSolution
		{AE429B7B-D286-4D30-9653-0F5052D8546C}.Debug|Win32.ActiveCfg = Debug|Win32
		{AE429B7B-D286-4D30-9653-0F5052D8546C}.Debug|Win32.Build.0 = Debug|Win32
		{AE429B7B-D286-4D30-9653-0F5052D8546C}.Release|Win32.ActiveCfg = Release|Win32
		{AE429B7B-D286-4D30-9653-0F5052D8546C}.Release|Win32.Build.0 = Release|Win32
	EndGlobalSection
	GlobalSection(SolutionProperties) = preSolution
		HideSolutionNode = FALSE
	EndGlobalSection
EndGlobal
