
Microsoft Visual Studio Solution File, Format Version 10.00
# Visual Studio 2008
Project("{8BC9CEB8-8B4A-11D0-8D11-00A0C91BC942}") = "3_18VectorIterator", "3_18VectorIterator.vcproj", "{FE94C67C-4825-416F-937A-6F41516A6F4C}"
EndProject
Global
	GlobalSection(SolutionConfigurationPlatforms) = preSolution
		Debug|Win32 = Debug|Win32
		Release|Win32 = Release|Win32
	EndGlobalSection
	GlobalSection(ProjectConfigurationPlatforms) = postSolution
		{FE94C67C-4825-416F-937A-6F41516A6F4C}.Debug|Win32.ActiveCfg = Debug|Win32
		{FE94C67C-4825-416F-937A-6F41516A6F4C}.Debug|Win32.Build.0 = Debug|Win32
		{FE94C67C-4825-416F-937A-6F41516A6F4C}.Release|Win32.ActiveCfg = Release|Win32
		{FE94C67C-4825-416F-937A-6F41516A6F4C}.Release|Win32.Build.0 = Release|Win32
	EndGlobalSection
	GlobalSection(SolutionProperties) = preSolution
		HideSolutionNode = FALSE
	EndGlobalSection
EndGlobal
