
Microsoft Visual Studio Solution File, Format Version 10.00
# Visual Studio 2008
Project("{8BC9CEB8-8B4A-11D0-8D11-00A0C91BC942}") = "9_13FindIteratorTest", "9_13FindIteratorTest.vcproj", "{87580DFB-8DD5-4155-B0E7-0D46284D4EE9}"
EndProject
Global
	GlobalSection(SolutionConfigurationPlatforms) = preSolution
		Debug|Win32 = Debug|Win32
		Release|Win32 = Release|Win32
	EndGlobalSection
	GlobalSection(ProjectConfigurationPlatforms) = postSolution
		{87580DFB-8DD5-4155-B0E7-0D46284D4EE9}.Debug|Win32.ActiveCfg = Debug|Win32
		{87580DFB-8DD5-4155-B0E7-0D46284D4EE9}.Debug|Win32.Build.0 = Debug|Win32
		{87580DFB-8DD5-4155-B0E7-0D46284D4EE9}.Release|Win32.ActiveCfg = Release|Win32
		{87580DFB-8DD5-4155-B0E7-0D46284D4EE9}.Release|Win32.Build.0 = Release|Win32
	EndGlobalSection
	GlobalSection(SolutionProperties) = preSolution
		HideSolutionNode = FALSE
	EndGlobalSection
EndGlobal
