
Microsoft Visual Studio Solution File, Format Version 10.00
# Visual Studio 2008
Project("{8BC9CEB8-8B4A-11D0-8D11-00A0C91BC942}") = "9_18CopyList", "9_18CopyList.vcproj", "{0FA2A94D-E6E9-42BE-89BC-4B95D6444CEF}"
EndProject
Global
	GlobalSection(SolutionConfigurationPlatforms) = preSolution
		Debug|Win32 = Debug|Win32
		Release|Win32 = Release|Win32
	EndGlobalSection
	GlobalSection(ProjectConfigurationPlatforms) = postSolution
		{0FA2A94D-E6E9-42BE-89BC-4B95D6444CEF}.Debug|Win32.ActiveCfg = Debug|Win32
		{0FA2A94D-E6E9-42BE-89BC-4B95D6444CEF}.Debug|Win32.Build.0 = Debug|Win32
		{0FA2A94D-E6E9-42BE-89BC-4B95D6444CEF}.Release|Win32.ActiveCfg = Release|Win32
		{0FA2A94D-E6E9-42BE-89BC-4B95D6444CEF}.Release|Win32.Build.0 = Release|Win32
	EndGlobalSection
	GlobalSection(SolutionProperties) = preSolution
		HideSolutionNode = FALSE
	EndGlobalSection
EndGlobal
