
Microsoft Visual Studio Solution File, Format Version 10.00
# Visual Studio 2008
Project("{8BC9CEB8-8B4A-11D0-8D11-00A0C91BC942}") = "9_38StringFind", "9_38StringFind.vcproj", "{34A0FAEF-646B-42BE-9526-604CE7916C37}"
EndProject
Global
	GlobalSection(SolutionConfigurationPlatforms) = preSolution
		Debug|Win32 = Debug|Win32
		Release|Win32 = Release|Win32
	EndGlobalSection
	GlobalSection(ProjectConfigurationPlatforms) = postSolution
		{34A0FAEF-646B-42BE-9526-604CE7916C37}.Debug|Win32.ActiveCfg = Debug|Win32
		{34A0FAEF-646B-42BE-9526-604CE7916C37}.Debug|Win32.Build.0 = Debug|Win32
		{34A0FAEF-646B-42BE-9526-604CE7916C37}.Release|Win32.ActiveCfg = Release|Win32
		{34A0FAEF-646B-42BE-9526-604CE7916C37}.Release|Win32.Build.0 = Release|Win32
	EndGlobalSection
	GlobalSection(SolutionProperties) = preSolution
		HideSolutionNode = FALSE
	EndGlobalSection
EndGlobal
